Microsoft Visual Studio Solution File, Format Version 12.00
# Visual Studio Version 17
VisualStudioVersion = 17.5.2.0
MinimumVisualStudioVersion = 10.0.40219.1
Project("{FAE04EC0-301F-11D3-BF4B-00C04F79EFBC}") = "swarm-patrol", "swarm-patrol.csproj", "{074B48CC-FBE6-9EAB-7564-36FF83D4CA43}"
EndProject
Global
	GlobalSection(SolutionConfigurationPlatforms) = preSolution
		Debug|Any CPU = Debug|Any CPU
		Release|Any CPU = Release|Any CPU
	EndGlobalSection
	GlobalSection(ProjectConfigurationPlatforms) = postSolution
		{074B48CC-FBE6-9EAB-7564-36FF83D4CA43}.Debug|Any CPU.ActiveCfg = Debug|Any CPU
		{074B48CC-FBE6-9EAB-7564-36FF83D4CA43}.Debug|Any CPU.Build.0 = Debug|Any CPU
		{074B48CC-FBE6-9EAB-7564-36FF83D4CA43}.Release|Any CPU.ActiveCfg = Release|Any CPU
		{074B48CC-FBE6-9EAB-7564-36FF83D4CA43}.Release|Any CPU.Build.0 = Release|Any CPU
	EndGlobalSection
	GlobalSection(SolutionProperties) = preSolution
		HideSolutionNode = FALSE
	EndGlobalSection
	GlobalSection(ExtensibilityGlobals) = postSolution
		SolutionGuid = {57500A2A-E5D4-4075-8143-933430D2AC7B}
	EndGlobalSection
EndGlobal
